
Microsoft Visual Studio Solution File, Format Version 12.00
# Visual Studio Version 17
VisualStudioVersion = 17.2.32526.322
MinimumVisualStudioVersion = 10.0.40219.1
Project("{9A19103F-16F7-4668-BE54-9A1E7A4F7556}") = "LoggingClient", "LoggingClient\LoggingClient.csproj", "{092FECA0-4AE6-4880-92ED-EABF517E4796}"
EndProject
Project("{2150E333-8FDC-42A3-9474-1A3956D46DE8}") = "Solution Items", "Solution Items", "{D71424AE-A992-4CFF-9320-B003DA1ABD51}"
	ProjectSection(SolutionItems) = preProject
		NuGetDelete.ps1 = NuGetDelete.ps1
		NuGetPush.ps1 = NuGetPush.ps1
		README.md = README.md
	EndProjectSection
EndProject
Project("{9A19103F-16F7-4668-BE54-9A1E7A4F7556}") = "Test", "Test\Test.csproj", "{0A8639C5-61F7-4474-9D22-1AB01DA0704B}"
EndProject
Project("{9A19103F-16F7-4668-BE54-9A1E7A4F7556}") = "Functions", "Functions\Functions.csproj", "{A4F0482B-9AC5-47E5-A939-CA42C73302B6}"
EndProject
Project("{9A19103F-16F7-4668-BE54-9A1E7A4F7556}") = "Storage", "Storage\Storage.csproj", "{A27F49F8-04CC-495F-A5B4-0CE0592C045C}"
EndProject
Project("{9A19103F-16F7-4668-BE54-9A1E7A4F7556}") = "Client", "Client\Client.csproj", "{BDB0B699-9A93-47D1-B56E-E4B3847C0B17}"
EndProject
Project("{9A19103F-16F7-4668-BE54-9A1E7A4F7556}") = "DemoConsole", "DemoConsole\DemoConsole.csproj", "{22ADA8CE-06D9-42AF-917E-860B0806F1D5}"
EndProject
Global
	GlobalSection(SolutionConfigurationPlatforms) = preSolution
		Debug|Any CPU = Debug|Any CPU
		Release|Any CPU = Release|Any CPU
	EndGlobalSection
	GlobalSection(ProjectConfigurationPlatforms) = postSolution
		{092FECA0-4AE6-4880-92ED-EABF517E4796}.Debug|Any CPU.ActiveCfg = Debug|Any CPU
		{092FECA0-4AE6-4880-92ED-EABF517E4796}.Debug|Any CPU.Build.0 = Debug|Any CPU
		{092FECA0-4AE6-4880-92ED-EABF517E4796}.Release|Any CPU.ActiveCfg = Release|Any CPU
		{092FECA0-4AE6-4880-92ED-EABF517E4796}.Release|Any CPU.Build.0 = Release|Any CPU
		{0A8639C5-61F7-4474-9D22-1AB01DA0704B}.Debug|Any CPU.ActiveCfg = Debug|Any CPU
		{0A8639C5-61F7-4474-9D22-1AB01DA0704B}.Debug|Any CPU.Build.0 = Debug|Any CPU
		{0A8639C5-61F7-4474-9D22-1AB01DA0704B}.Release|Any CPU.ActiveCfg = Release|Any CPU
		{0A8639C5-61F7-4474-9D22-1AB01DA0704B}.Release|Any CPU.Build.0 = Release|Any CPU
		{A4F0482B-9AC5-47E5-A939-CA42C73302B6}.Debug|Any CPU.ActiveCfg = Debug|Any CPU
		{A4F0482B-9AC5-47E5-A939-CA42C73302B6}.Debug|Any CPU.Build.0 = Debug|Any CPU
		{A4F0482B-9AC5-47E5-A939-CA42C73302B6}.Release|Any CPU.ActiveCfg = Release|Any CPU
		{A4F0482B-9AC5-47E5-A939-CA42C73302B6}.Release|Any CPU.Build.0 = Release|Any CPU
		{A27F49F8-04CC-495F-A5B4-0CE0592C045C}.Debug|Any CPU.ActiveCfg = Debug|Any CPU
		{A27F49F8-04CC-495F-A5B4-0CE0592C045C}.Debug|Any CPU.Build.0 = Debug|Any CPU
		{A27F49F8-04CC-495F-A5B4-0CE0592C045C}.Release|Any CPU.ActiveCfg = Release|Any CPU
		{A27F49F8-04CC-495F-A5B4-0CE0592C045C}.Release|Any CPU.Build.0 = Release|Any CPU
		{BDB0B699-9A93-47D1-B56E-E4B3847C0B17}.Debug|Any CPU.ActiveCfg = Debug|Any CPU
		{BDB0B699-9A93-47D1-B56E-E4B3847C0B17}.Debug|Any CPU.Build.0 = Debug|Any CPU
		{BDB0B699-9A93-47D1-B56E-E4B3847C0B17}.Release|Any CPU.ActiveCfg = Release|Any CPU
		{BDB0B699-9A93-47D1-B56E-E4B3847C0B17}.Release|Any CPU.Build.0 = Release|Any CPU
		{22ADA8CE-06D9-42AF-917E-860B0806F1D5}.Debug|Any CPU.ActiveCfg = Debug|Any CPU
		{22ADA8CE-06D9-42AF-917E-860B0806F1D5}.Debug|Any CPU.Build.0 = Debug|Any CPU
		{22ADA8CE-06D9-42AF-917E-860B0806F1D5}.Release|Any CPU.ActiveCfg = Release|Any CPU
		{22ADA8CE-06D9-42AF-917E-860B0806F1D5}.Release|Any CPU.Build.0 = Release|Any CPU
	EndGlobalSection
	GlobalSection(SolutionProperties) = preSolution
		HideSolutionNode = FALSE
	EndGlobalSection
	GlobalSection(ExtensibilityGlobals) = postSolution
		SolutionGuid = {EDD1BB65-57E3-4E75-AF2A-6EB1E4B21476}
	EndGlobalSection
EndGlobal
